cloud.google.com/go v0.26.0/go.mod h1:aQUYkXzVsufM+DwF1aE+0xfcU+56JwCaLick0ClmMTw=
cloud.google.com/go v0.34.0/go.mod h1:aQUYkXzVsufM+DwF1aE+0xfcU+56JwCaLick0ClmMTw=
cloud.google.com/go v0.38.0/go.mod h1:990N+gfupTy94rShfmMCWGDn0LpTmnzTp2qbd1dvSRU=
cloud.google.com/go v0.44.1/go.mod h1:iSa0KzasP4Uvy3f1mN/7PiObzGgflwredwwASm/v6AU=
cloud.google.com/go v0.44.2/go.mod h1:60680Gw3Yr4ikxnPRS/oxxkBccT6SA1yMk63TGekxKY=
cloud.google.com/go v0.44.3/go.mod h1:60680Gw3Yr4ikxnPRS/oxxkBccT6SA1yMk63TGekxKY=
cloud.google.com/go v0.45.1/go.mod h1:RpBamKRgapWJb87xiFSdk4g1CME7QZg3uwTez+TSTjc=
cloud.google.com/go v0.46.3/go.mod h1:a6bKKbmY7er1mI7TEI4lsAkts/mkhTSZK8w33B4RAg0=
cloud.google.com/go v0.50.0/go.mod h1:r9sluTvynVuxRIOHXQEHMFffphuXHOMZMycpNR5e6To=
cloud.google.com/go v0.52.0/go.mod h1:pXajvRH/6o3+F9jDHZWQ5PbGhn+o8w9qiu/CffaVdO4=
cloud.google.com/go v0.53.0/go.mod h1:fp/UouUEsRkN6ryDKNW/Upv/JBKnv6WDthjR6+vze6M=
cloud.google.com/go v0.54.0/go.mod h1:1rq2OEkV3YMf6n/9ZvGWI3GWw0VoqH/1x2nd8Is/bPc=
cloud.google.com/go v0.56.0/go.mod h1:jr7tqZxxKOVYizybht9+26Z/gUq7tiRzu+ACVAMbKVk=
cloud.google.com/go v0.57.0/go.mod h1:oXiQ6Rzq3RAkkY7N6t3TcE6jE+CIBBbA36lwQ1JyzZs=
cloud.google.com/go v0.62.0/go.mod h1:jmCYTdRCQuc1PHIIJ/maLInMho30T/Y0M4hTdTShOYc=
cloud.google.com/go v0.65.0/go.mod h1:O5N8zS7uWy9vkA9vayVHs65eM1ubvY4h553ofrNHObY=
cloud.google.com/go v0.72.0/go.mod h1:M+5Vjvlc2wnp6tjzE102Dw08nGShTscUx2nZMufOKPI=
cloud.google.com/go v0.74.0/go.mod h1:VV1xSbzvo+9QJOxLDaJfTjx5e+MePCpCWwvftOeQmWk=
cloud.google.com/go v0.75.0/go.mod h1:VGuuCn7PG0dwsd5XPVm2Mm3wlh3EL55/79EKB6hlPTY=
cloud.google.com/go v0.78.0/go.mod h1:QjdrLG0uq+YwhjoVOLsS1t7TW8fs36kLs4XO5R5ECHg=
cloud.google.com/go v0.79.0/go.mod h1:3bzgcEeQlzbuEAYu4mrWhKqWjmpprinYgKJLgKHnbb8=
cloud.google.com/go v0.81.0/go.mod h1:mk/AM35KwGk/Nm2YSeZbxXdrNK3KZOYHmLkOqC2V6E0=
cloud.google.com/go v0.83.0/go.mod h1:Z7MJUsANfY0pYPdw0lbnivPx4/vhy/e2FEkSkF7vAVY=
cloud.google.com/go v0.84.0/go.mod h1:RazrYuxIK6Kb7YrzzhPoLmCVzl7Sup4NrbKPg8KHSUM=
cloud.google.com/go v0.87.0/go.mod h1:TpDYlFy7vuLzZMMZ+B6iRiELaY7z/gJPaqbMx6mlWcY=
cloud.google.com/go v0.90.0/go.mod h1:kRX0mNRHe0e2rC6oNakvwQqzyDmg57xJ+SZU1eT2aDQ=
cloud.google.com/go v0.93.3/go.mod h1:8utlLll2EF5XMAV15woO4lSbWQlk8rer9aLOfLh7+YI=
cloud.google.com/go v0.94.1/go.mod h1:qAlAugsXlC+JWO+Bke5vCtc9ONxjQT3drlTTnAplMW4=
cloud.google.com/go v0.97.0/go.mod h1:GF7l59pYBVlXQIBLx3a761cZ41F9bBH3JUlihCt2Udc=
cloud.google.com/go v0.99.0/go.mod h1:w0Xx2nLzqWJPuozYQX+hFfCSI8WioryfRDzkoI/Y2ZA=
cloud.google.com/go v0.100.1/go.mod h1:fs4QogzfH5n2pBXBP9vRiU+eCny7lD2vmFZy79Iuw1U=
cloud.google.com/go v0.100.2/go.mod h1:4Xra9TjzAeYHrl5+oeLlzbM2k3mjVhZh4UqTZ//w99A=
cloud.google.com/go v0.102.0/go.mod h1:oWcCzKlqJ5zgHQt9YsaeTY9KzIvjyy0ArmiBUgpQ+nc=
cloud.google.com/go v0.102.1/go.mod h1:XZ77E9qnTEnrgEOvr4xzfdX5TRo7fB4T2F4O6+34hIU=
cloud.google.com/go v0.104.0/go.mod h1:OO6xxXdJyvuJPcEPBLN9BJPD+jep5G1+2U5B5gkRYtA=
cloud.google.com/go v0.105.0/go.mod h1:PrLgOJNe5nfE9UMxKxgXj4mD3voiP+YQ6gdt6KMFOKM=
cloud.google.com/go v0.107.0/go.mod h1:wpc2eNrD7hXUTy8EKS10jkxpZBjASrORK7goS+3YX2I=
cloud.google.com/go/accesscontextmanager v1.6.0/go.mod h1:8XCvZWfYw3K/ji0iVnp+6pu7huxoQTLmxAbVjbloTtM=
cloud.google.com/go/aiplatform v1.35.0/go.mod h1:7MFT/vCaOyZT/4IIFfxH4ErVg/4ku6lKv3w0+tFTgXQ=
cloud.google.com/go/aiplatform v1.36.1/go.mod h1:WTm12vJRPARNvJ+v6P52RDHCNe4AhvjcIZ/9/RRHy/k=
cloud.google.com/go/analytics v0.17.0/go.mod h1:WXFa3WSym4IZ+JiKmavYdJwGG/CvpqiqczmL59bTD9M=
cloud.google.com/go/analytics v0.18.0/go.mod h1:ZkeHGQlcIPkw0R/GW+boWHhCOR43xz9RN/jn7WcqfIE=
cloud.google.com/go/apigeeregistry v0.4.0/go.mod h1:EUG4PGcsZvxOXAdyEghIdXwAEi/4MEaoqLMLDMIwKXY=
cloud.google.com/go/apigeeregistry v0.5.0/go.mod h1:YR5+s0BVNZfVOUkMa5pAR2xGd0A473vA5M7j247o1wM=
cloud.google.com/go/apikeys v0.4.0/go.mod h1:XATS/yqZbaBK0HOssf+ALHp8jAlNHUgyfprvNcBIszU=
cloud.google.com/go/apikeys v0.5.0/go.mod h1:5aQfwY4D+ewMMWScd3hm2en3hCj+BROlyrt3ytS7KLI=
cloud.google.com/go/apikeys v0.6.0/go.mod h1:kbpXu5upyiAlGkKrJgQl8A0rKNNJ7dQ377pdroRSSi8=
cloud.google.com/go/appengine v1.6.0/go.mod h1:hg6i0J/BD2cKmDJbaFSYHFyZkgBEfQrDg/X0V5fJn84=
cloud.google.com/go/appengine v1.7.0/go.mod h1:eZqpbHFCqRGa2aCdope7eC0SWLV1j0neb/QnMJVWx6A=
cloud.google.com/go/area120 v0.7.0/go.mod h1:a3+8EUD1SX5RUcCs3MY5YasiO1z6yLiNLRiFrykbynY=
cloud.google.com/go/artifactregistry v1.11.1/go.mod h1:lLYghw+Itq9SONbCa1YWBoWs1nOucMH0pwXN1rOBZFI=
cloud.google.com/go/artifactregistry v1.11.2/go.mod h1:nLZns771ZGAwVLzTX/7Al6R9ehma4WUEhZGWV6CeQNQ=
cloud.google.com/go/artifactregistry v1.12.0/go.mod h1:o6P3MIvtzTOnmvGagO9v/rOjjA0HmhJ+/6KAXrmYDCI=
cloud.google.com/go/asset v1.11.1/go.mod h1:fSwLhbRvC9p9CXQHJ3BgFeQNM4c9x10lqlrdEUYXlJo=
cloud.google.com/go/asset v1.12.0/go.mod h1:h9/sFOa4eDIyKmH6QMpm4eUK3pDojWnUhTgJlk762Hg=
cloud.google.com/go/beyondcorp v0.4.0/go.mod h1:3ApA0mbhHx6YImmuubf5pyW8srKnCEPON32/5hj+RmM=
cloud.google.com/go/bigquery v1.47.0/go.mod h1:sA9XOgy0A8vQK9+MWhEQTY6Tix87M/ZurWFIxmF9I/E=
cloud.google.com/go/bigquery v1.48.0/go.mod h1:QAwSz+ipNgfL5jxiaK7weyOhzdoAy1zFm0Nf1fysJac=
cloud.google.com/go/bigquery v1.49.0/go.mod h1:Sv8hMmTFFYBlt/ftw2uN6dFdQPzBlREY9yBh7Oy7/4Q=
cloud.google.com/go/billing v1.12.0/go.mod h1:yKrZio/eu+okO/2McZEbch17O5CB5NpZhhXG6Z766ss=
cloud.google.com/go/channel v1.11.0/go.mod h1:IdtI0uWGqhEeatSB62VOoJ8FSUhJ9/+iGkJVqp74CGE=
cloud.google.com/go/cloudbuild v1.6.0/go.mod h1:UIbc/w9QCbH12xX+ezUsgblrWv+Cv4Tw83GiSMHOn9M=
cloud.google.com/go/cloudbuild v1.7.0/go.mod h1:zb5tWh2XI6lR9zQmsm1VRA+7OCuve5d8S+zJUul8KTg=
cloud.google.com/go/cloudtasks v1.9.0/go.mod h1:w+EyLsVkLWHcOaqNEyvcKAsWp9p29dL6uL9Nst1cI7Y=
cloud.google.com/go/container v1.13.1/go.mod h1:6wgbMPeQRw9rSnKBCAJXnds3Pzj03C4JHamr8asWKy4=
cloud.google.com/go/container v1.14.0/go.mod h1:3AoJMPhHfLDxLvrlVWaK57IXzaPnLaZq63WX59aQBfM=
cloud.google.com/go/containeranalysis v0.7.0/go.mod h1:9aUL+/vZ55P2CXfuZjS4UjQ9AgXoSw8Ts6lemfmxBxI=
cloud.google.com/go/datacatalog v1.8.1/go.mod h1:RJ58z4rMp3gvETA465Vg+ag8BGgBdnRPEMMSTr5Uv+M=
cloud.google.com/go/datacatalog v1.12.0/go.mod h1:CWae8rFkfp6LzLumKOnmVh4+Zle4A3NXLzVJ1d1mRm0=
cloud.google.com/go/dataform v0.6.0/go.mod h1:QPflImQy33e29VuapFdf19oPbE4aYTJxr31OAPV+ulA=
cloud.google.com/go/dataplex v1.5.2/go.mod h1:cVMgQHsmfRoI5KFYq4JtIBEUbYwc3c7tXmIDhRmNNVQ=
cloud.google.com/go/datastream v1.6.0/go.mod h1:6LQSuswqLa7S4rPAOZFVjHIG3wJIjZcZrw8JDEDJuIs=
cloud.google.com/go/deploy v1.6.0/go.mod h1:f9PTHehG/DjCom3QH0cntOVRm93uGBDt2vKzAPwpXQI=
cloud.google.com/go/dialogflow v1.29.0/go.mod h1:b+2bzMe+k1s9V+F2jbJwpHPzrnIyHihAdRFMtn2WXuM=
cloud.google.com/go/dialogflow v1.31.0/go.mod h1:cuoUccuL1Z+HADhyIA7dci3N5zUssgpBJmCzI6fNRB4=
cloud.google.com/go/documentai v1.16.0/go.mod h1:o0o0DLTEZ+YnJZ+J4wNfTxmDVyrkzFvttBXXtYRMHkM=
cloud.google.com/go/edgecontainer v0.3.0/go.mod h1:FLDpP4nykgwwIfcLt6zInhprzw0lEi2P1fjO6Ie0qbc=
cloud.google.com/go/eventarc v1.10.0/go.mod h1:u3R35tmZ9HvswGRBnF48IlYgYeBcPUCjkr4BTdem2Kw=
cloud.google.com/go/filestore v1.5.0/go.mod h1:FqBXDWBp4YLHqRnVGveOkHDf8svj9r5+mUDLupOWEDs=
cloud.google.com/go/functions v1.10.0/go.mod h1:0D3hEOe3DbEvCXtYOZHQZmD+SzYsi1YbI7dGvHfldXw=
cloud.google.com/go/functions v1.12.0/go.mod h1:AXWGrF3e2C/5ehvwYo/GH6O5s09tOPksiKhz+hH8WkA=
cloud.google.com/go/gkehub v0.11.0/go.mod h1:JOWHlmN+GHyIbuWQPl47/C2RFhnFKH38jH9Ascu3n0E=
cloud.google.com/go/iam v0.11.0/go.mod h1:9PiLDanza5D+oWFZiH1uG+RnRCfEGKoyl6yo4cgWZGY=
cloud.google.com/go/iam v0.12.0/go.mod h1:knyHGviacl11zrtZUoDuYpDgLjvr28sLQaG0YB2GYAY=
cloud.google.com/go/iap v1.6.0/go.mod h1:NSuvI9C/j7UdjGjIde7t7HBz+QTwBcapPE07+sSRcLk=
cloud.google.com/go/iap v1.7.0/go.mod h1:beqQx56T9O1G1yNPph+spKpNibDlYIiIixiqsQXxLIo=
cloud.google.com/go/iot v1.5.0/go.mod h1:mpz5259PDl3XJthEmh9+ap0affn/MqNSP4My77Qql9o=
cloud.google.com/go/kms v1.8.0/go.mod h1:4xFEhYFqvW+4VMELtZyxomGSYtSQKzM178ylFW4jMAg=
cloud.google.com/go/kms v1.9.0/go.mod h1:qb1tPTgfF9RQP8e1wq4cLFErVuTJv7UsSC915J8dh3w=
cloud.google.com/go/kms v1.10.0/go.mod h1:ng3KTUtQQU9bPX3+QGLsflZIHlkbn8amFAMY63m8d24=
cloud.google.com/go/maps v0.6.0/go.mod h1:o6DAMMfb+aINHz/p/jbcY+mYeXBoZoxTfdSQ8VAJaCw=
cloud.google.com/go/monitoring v1.12.0/go.mod h1:yx8Jj2fZNEkL/GYZyTLS4ZtZEZN8WtDEiEqG4kLK50w=
cloud.google.com/go/networkconnectivity v1.10.0/go.mod h1:UP4O4sWXJG13AqrTdQCD9TnLGEbtNRqjuaaA7bNjF5E=
cloud.google.com/go/networksecurity v0.7.0/go.mod h1:mAnzoxx/8TBSyXEeESMy9OOYwo1v+gZ5eMRnsT5bC8k=
cloud.google.com/go/notebooks v1.7.0/go.mod h1:PVlaDGfJgj1fl1S3dUwhFMXFgfYGhYQt2164xOMONmE=
cloud.google.com/go/policytroubleshooter v1.5.0/go.mod h1:Rz1WfV+1oIpPdN2VvvuboLVRsB1Hclg3CKQ53j9l8vw=
cloud.google.com/go/privatecatalog v0.7.0/go.mod h1:2s5ssIFO69F5csTXcwBP7NPFTZvps26xGzvQ2PQaBYg=
cloud.google.com/go/pubsub v1.28.0/go.mod h1:vuXFpwaVoIPQMGXqRyUQigu/AX1S3IWugR9xznmcXX8=
cloud.google.com/go/pubsublite v1.6.0/go.mod h1:1eFCS0U11xlOuMFV/0iBqw3zP12kddMeCbj/F3FSj9k=
cloud.google.com/go/recaptchaenterprise/v2 v2.6.0/go.mod h1:RPauz9jeLtB3JVzg6nCbe12qNoaa8pXc4d/YukAmcnA=
cloud.google.com/go/resourcemanager v1.5.0/go.mod h1:eQoXNAiAvCf5PXxWxXjhKQoTMaUSNrEfg+6qdf/wots=
cloud.google.com/go/resourcemanager v1.6.0/go.mod h1:YcpXGRs8fDzcUl1Xw8uOVmI8JEadvhRIkoXXUNVYcVo=
cloud.google.com/go/run v0.8.0/go.mod h1:VniEnuBwqjigv0A7ONfQUaEItaiCRVujlMqerPPiktM=
cloud.google.com/go/scheduler v1.8.0/go.mod h1:TCET+Y5Gp1YgHT8py4nlg2Sew8nUHMqcpousDgXJVQc=
cloud.google.com/go/security v1.12.0/go.mod h1:rV6EhrpbNHrrxqlvW0BWAIawFWq3X90SduMJdFwtLB8=
cloud.google.com/go/securitycenter v1.18.1/go.mod h1:0/25gAzCM/9OL9vVx4ChPeM/+DlfGQJDwBy/UC8AKK0=
cloud.google.com/go/servicecontrol v1.10.0/go.mod h1:pQvyvSRh7YzUF2efw7H87V92mxU8FnFDawMClGCNuAA=
cloud.google.com/go/servicecontrol v1.11.0/go.mod h1:kFmTzYzTUIuZs0ycVqRHNaNhgR+UMUpw9n02l/pY+mc=
cloud.google.com/go/servicecontrol v1.11.1/go.mod h1:aSnNNlwEFBY+PWGQ2DoM0JJ/QUXqV5/ZD9DOLB7SnUk=
cloud.google.com/go/servicedirectory v1.8.0/go.mod h1:srXodfhY1GFIPvltunswqXpVxFPpZjf8nkKQT7XcXaY=
cloud.google.com/go/servicemanagement v1.6.0/go.mod h1:aWns7EeeCOtGEX4OvZUWCCJONRZeFKiptqKf1D0l/Jc=
cloud.google.com/go/servicemanagement v1.8.0/go.mod h1:MSS2TDlIEQD/fzsSGfCdJItQveu9NXnUniTrq/L8LK4=
cloud.google.com/go/serviceusage v1.5.0/go.mod h1:w8U1JvqUqwJNPEOTQjrMHkw3IaIFLoLsPLvsE3xueec=
cloud.google.com/go/serviceusage v1.6.0/go.mod h1:R5wwQcbOWsyuOfbP9tGdAnCAc6B9DRwPG1xtWMDeuPA=
cloud.google.com/go/spanner v1.44.0/go.mod h1:G8XIgYdOK+Fbcpbs7p2fiprDw4CaZX63whnSMLVBxjk=
cloud.google.com/go/speech v1.14.1/go.mod h1:gEosVRPJ9waG7zqqnsHpYTOoAS4KouMRLDFMekpJ0J0=
cloud.google.com/go/storagetransfer v1.7.0/go.mod h1:8Giuj1QNb1kfLAiWM1bN6dHzfdlDAVC9rv9abHot2W4=
cloud.google.com/go/trace v1.8.0/go.mod h1:zH7vcsbAhklH8hWFig58HvxcxyQbaIqMarMg9hn5ECA=
cloud.google.com/go/translate v1.5.0/go.mod h1:29YDSYveqqpA1CQFD7NQuP49xymq17RXNaUDdc0mNu0=
cloud.google.com/go/translate v1.6.0/go.mod h1:lMGRudH1pu7I3n3PETiOB2507gf3HnfLV8qlkHZEyos=
cloud.google.com/go/video v1.12.0/go.mod h1:MLQew95eTuaNDEGriQdcYn0dTwf9oWiA4uYebxM5kdg=
cloud.google.com/go/video v1.13.0/go.mod h1:ulzkYlYgCp15N2AokzKjy7MQ9ejuynOJdf1tR5lGthk=
cloud.google.com/go/video v1.14.0/go.mod h1:SkgaXwT+lIIAKqWAJfktHT/RbgjSuY6DobxEp0C5yTQ=
cloud.google.com/go/vision/v2 v2.6.0/go.mod h1:158Hes0MvOS9Z/bDMSFpjwsUrZ5fPrdwuyyvKSGAGMY=
cloud.google.com/go/vmmigration v1.5.0/go.mod h1:E4YQ8q7/4W9gobHjQg4JJSgXXSgY21nA5r8swQV+Xxc=
cloud.google.com/go/vmwareengine v0.2.2/go.mod h1:sKdctNJxb3KLZkE/6Oui94iw/xs9PRNC2wnNLXsHvH8=
git.sr.ht/~sbinet/gg v0.3.1/go.mod h1:KGYtlADtqsqANL9ueOFkWymvzUvLMQllU5Ixo+8v3pc=
github.com/JohnCGriffin/overflow v0.0.0-20211019200055-46fa312c352c/go.mod h1:X0CRv0ky0k6m906ixxpzmDRLvX58TFUKS2eePweuyxk=
github.com/ajstarks/deck v0.0.0-20200831202436-30c9fc6549a9/go.mod h1:JynElWSGnm/4RlzPXRlREEwqTHAN3T56Bv2ITsFT3gY=
github.com/ajstarks/deck/generate v0.0.0-20210309230005-c3f852c02e19/go.mod h1:T13YZdzov6OU0A1+RfKZiZN9ca6VeKdBdyDV+BY97Tk=
github.com/ajstarks/svgo v0.0.0-20211024235047-1546f124cd8b/go.mod h1:1KcenG0jGWcpt8ov532z81sp/kMMUG485J2InIOyADM=
github.com/andybalholm/brotli v1.0.4/go.mod h1:fO7iG3H7G2nSZ7m0zPUDn85XEX2GTukHGRSepvi9Eig=
github.com/apache/arrow/go/v10 v10.0.1/go.mod h1:YvhnlEePVnBS4+0z3fhPfUy7W1Ikj0Ih0vcRo/gZ1M0=
github.com/apache/arrow/go/v11 v11.0.0/go.mod h1:Eg5OsL5H+e299f7u5ssuXsuHQVEGC4xei5aX110hRiI=
github.com/apache/thrift v0.16.0/go.mod h1:PHK3hniurgQaNMZYaCLEqXKsYK8upmhPbmdP2FXSqgU=
github.com/boombuler/barcode v1.0.1/go.mod h1:paBWMcWSl3LHKBqUq+rly7CNSldXjb2rDl3JlRe0mD8=
github.com/go-fonts/liberation v0.2.0/go.mod h1:K6qoJYypsmfVjWg8KOVDQhLc8UDgIK2HYqyqAO9z7GY=
github.com/go-latex/latex v0.0.0-20210823091927-c0d11ff05a81/go.mod h1:SX0U8uGpxhq9o2S/CELCSUxEWWAuoCUcVCQWv7G2OCk=
github.com/go-pdf/fpdf v0.5.0/go.mod h1:HzcnA+A23uwogo0tp9yU+l3V+KXhiESpt1PMayhOh5M=
github.com/go-pdf/fpdf v0.6.0/go.mod h1:HzcnA+A23uwogo0tp9yU+l3V+KXhiESpt1PMayhOh5M=
github.com/goccy/go-json v0.9.11/go.mod h1:6MelG93GURQebXPDq3khkgXZkazVtN9CRI+MGFi0w8I=
github.com/golang/protobuf v1.5.3 h1:KhyjKVUg7Usr/dYsdSqoFveMYd5ko72D+zANwlG1mmg=
github.com/google/go-cmp v0.5.9 h1:O2Tfq5qg4qc4AmwVlvv0oLiVAGB7enBSJ2x2DqQFi38=
github.com/klauspost/asmfmt v1.3.2/go.mod h1:AG8TuvYojzulgDAMCnYn50l/5QV3Bs/tp6j0HLHbNSE=
github.com/klauspost/cpuid/v2 v2.0.9/go.mod h1:FInQzS24/EEf25PyTYn52gqo7WaD8xa0213Md/qVLRg=
github.com/kr/pretty v0.3.0/go.mod h1:640gp4NfQd8pI5XOwp5fnNeVWj67G7CFk/SaSQn7NBk=
github.com/lyft/protoc-gen-star/v2 v2.0.1/go.mod h1:RcCdONR2ScXaYnQC5tUzxzlpA3WVYF7/opLeUgcQs/o=
github.com/mattn/go-isatty v0.0.16/go.mod h1:kYGgaQfpe5nmfYZH+SKPsOc2e4SrIfOl2e/yFXSvRLM=
github.com/mattn/go-sqlite3 v1.14.14/go.mod h1:NyWgC/yNuGj7Q9rpYnZvas74GogHl5/Z4A/KQRfk6bU=
github.com/minio/asm2plan9s v0.0.0-20200509001527-cdd76441f9d8/go.mod h1:mC1jAcsrzbxHt8iiaC+zU4b1ylILSosueou12R++wfY=
github.com/minio/c2goasm v0.0.0-20190812172519-36a3d3bbc4f3/go.mod h1:RagcQ7I8IeTMnF8JTXieKnO4Z6JCsikNEzj0DwauVzE=
github.com/phpdave11/gofpdi v1.0.13/go.mod h1:vBmVV0Do6hSBHC8uKUQ71JGW+ZGQq74llk/7bXwjDoI=
github.com/pierrec/lz4/v4 v4.1.15/go.mod h1:gZWDp/Ze/IJXGXf23ltt2EXimqmTUXEy0GFuRQyBid4=
github.com/rogpeppe/go-internal v1.6.1/go.mod h1:xXDCJY+GAPziupqXw64V24skbSoqbTEfhy4qGm1nDQc=
github.com/ruudk/golang-pdf417 v0.0.0-20201230142125-a7e3863a1245/go.mod h1:pQAZKsJ8yyVxGRWYNEm9oFB8ieLgKFnamEyDmSA0BRk=
github.com/yuin/goldmark v1.4.1/go.mod h1:mwnBkeHKe2W/ZEtQ+71ViKU8L12m81fl3OWwC1Zlc8k=
github.com/zeebo/assert v1.3.0/go.mod h1:Pq9JiuJQpG8JLJdtkwrJESF0Foym2/D9XMU5ciN/wJ0=
github.com/zeebo/xxh3 v1.0.2/go.mod h1:5NWz9Sef7zIDm2JHfFlcQvNekmcEl9ekUZQQKCYaDcA=
go.opentelemetry.io/proto/otlp v0.19.0/go.mod h1:H7XAot3MsfNsj7EXtrA2q5xSNQ10UqI405h3+duxN4U=
golang.org/x/exp v0.0.0-20220827204233-334a2380cb91/go.mod h1:cyybsKvd6eL0RnXn6p/Grxp8F5bW7iYuBgsNCOHpMYE=
golang.org/x/image v0.0.0-20210607152325-775e3b0c77b9/go.mod h1:023OzeP/+EPmXeapQh35lcL3II3LrY8Ic+EFFKVhULM=
golang.org/x/image v0.0.0-20210628002857-a66eb6448b8d/go.mod h1:023OzeP/+EPmXeapQh35lcL3II3LrY8Ic+EFFKVhULM=
golang.org/x/image v0.0.0-20211028202545-6944b10bf410/go.mod h1:023OzeP/+EPmXeapQh35lcL3II3LrY8Ic+EFFKVhULM=
golang.org/x/image v0.0.0-20220302094943-723b81ca9867/go.mod h1:023OzeP/+EPmXeapQh35lcL3II3LrY8Ic+EFFKVhULM=
golang.org/x/mod v0.5.1/go.mod h1:5OXOZSfqPIIbmVBIIKWRFfZjPR0E5r58TLhUjH0a2Ro=
golang.org/x/net v0.4.0/go.mod h1:MBQ8lrhLObU/6UmLb4fmbmk5OcyYmqtbGd/9yIeKjEE=
golang.org/x/net v0.10.0 h1:X2//UzNDwYmtCLn7To6G58Wr6f5ahEAQgKNzv9Y951M=
golang.org/x/sync v0.0.0-20220819030929-7fc1605a5dde/go.mod h1:RxMgew5VJxzue5/jJTE5uejpjVlOe/izrB70Jof72aM=
golang.org/x/sys v0.0.0-20211007075335-d3039528d8ac/go.mod h1:oPkhp1MJrh7nUepCBck5+mAzfO9JrbApNNgaTdGDITg=
golang.org/x/sys v0.0.0-20220811171246-fbc7d0a398ab/go.mod h1:oPkhp1MJrh7nUepCBck5+mAzfO9JrbApNNgaTdGDITg=
golang.org/x/sys v0.0.0-20220829200755-d48e67d00261/go.mod h1:oPkhp1MJrh7nUepCBck5+mAzfO9JrbApNNgaTdGDITg=
golang.org/x/sys v0.10.0 h1:SqMFp9UcQJZa+pmYuAKjd9xq1f0j5rLcDIk0mj4qAsA=
golang.org/x/term v0.3.0/go.mod h1:q750SLmJuPmVoN1blW3UFBPREJfb1KmY3vwxfr+nFDA=
golang.org/x/term v0.6.0/go.mod h1:m6U89DPEgQRMq3DNkDClhWw02AUbt2daBVO4cn4Hv9U=
golang.org/x/text v0.11.0 h1:LAntKIrcmeSKERyiOh0XMV39LXS8IE9UL2yP7+f5ij4=
golang.org/x/tools v0.1.9/go.mod h1:nABZi5QlRsZVlzPpHl034qft6wpY4eDcsTt5AaioBiU=
gonum.org/v1/gonum v0.11.0/go.mod h1:fSG4YDCxxUZQJ7rKsQrj0gMOg00Il0Z96/qMA4bVQhA=
gonum.org/v1/plot v0.10.1/go.mod h1:VZW5OlhkL1mysU9vaqNHnsy86inf6Ot+jB3r+BczCEo=
google.golang.org/api v0.107.0/go.mod h1:2Ts0XTHNVWxypznxWOYUeI4g3WdP9Pk2Qk58+a/O9MY=
google.golang.org/genproto v0.0.0-20221109142239-94d6d90a7d66/go.mod h1:rZS5c/ZVYMaOGBfO68GWtjOw/eLaZM1X6iVtgjZ+EWg=
google.golang.org/genproto v0.0.0-20221201204527-e3fa12d562f3/go.mod h1:rZS5c/ZVYMaOGBfO68GWtjOw/eLaZM1X6iVtgjZ+EWg=
google.golang.org/genproto v0.0.0-20230112194545-e10362b5ecf9/go.mod h1:RGgjbofJ8xD9Sq1VVhDM1Vok1vRONV+rg+CjzG4SZKM=
google.golang.org/genproto v0.0.0-20230113154510-dbe35b8444a5/go.mod h1:RGgjbofJ8xD9Sq1VVhDM1Vok1vRONV+rg+CjzG4SZKM=
google.golang.org/genproto v0.0.0-20230123190316-2c411cf9d197/go.mod h1:RGgjbofJ8xD9Sq1VVhDM1Vok1vRONV+rg+CjzG4SZKM=
google.golang.org/genproto v0.0.0-20230125152338-dcaf20b6aeaa/go.mod h1:RGgjbofJ8xD9Sq1VVhDM1Vok1vRONV+rg+CjzG4SZKM=
google.golang.org/genproto v0.0.0-20230127162408-596548ed4efa/go.mod h1:RGgjbofJ8xD9Sq1VVhDM1Vok1vRONV+rg+CjzG4SZKM=
google.golang.org/genproto v0.0.0-20230216225411-c8e22ba71e44/go.mod h1:8B0gmkoRebU8ukX6HP+4wrVQUY1+6PkQ44BSyIlflHA=
google.golang.org/genproto v0.0.0-20230323212658-478b75c54725/go.mod h1:UUQDJDOlWu4KYeJZffbWgBkS1YFobzKbLVfK69pe0Ak=
google.golang.org/genproto v0.0.0-20230330154414-c0448cd141ea/go.mod h1:UUQDJDOlWu4KYeJZffbWgBkS1YFobzKbLVfK69pe0Ak=
google.golang.org/genproto v0.0.0-20230331144136-dcfb400f0633/go.mod h1:UUQDJDOlWu4KYeJZffbWgBkS1YFobzKbLVfK69pe0Ak=
google.golang.org/genproto v0.0.0-20230525234025-438c736192d0 h1:x1vNwUhVOcsYoKyEGCZBH694SBmmBjA2EfauFVEI2+M=
google.golang.org/genproto/googleapis/rpc v0.0.0-20230530153820-e85fd2cbaebc h1:XSJ8Vk1SWuNr8S18z1NZSziL0CPIXLCCMDOEFtHBOFc=
google.golang.org/grpc v1.52.0/go.mod h1:pu6fVzoFb+NBYNAvQL08ic+lvB2IojljRYuun5vorUY=
google.golang.org/grpc v1.55.0 h1:3Oj82/tFSCeUrRTg/5E/7d/W5A1tj6Ky1ABAuZuv5ag=
google.golang.org/protobuf v1.30.0 h1:kPPoIgf3TsEvrm0PFe15JQ+570QVxYzEvvHqChK+cng=
honnef.co/go/tools v0.1.3/go.mod h1:NgwopIslSNH47DimFoV78dnkksY2EFtX0ajyb3K/las=
lukechampine.com/uint128 v1.1.1/go.mod h1:c4eWIwlEGaxC/+H1VguhU4PHXNWDCDMUlWdIWl2j1gk=
lukechampine.com/uint128 v1.2.0/go.mod h1:c4eWIwlEGaxC/+H1VguhU4PHXNWDCDMUlWdIWl2j1gk=
modernc.org/cc/v3 v3.36.0/go.mod h1:NFUHyPn4ekoC/JHeZFfZurN6ixxawE1BnVonP/oahEI=
modernc.org/cc/v3 v3.36.2/go.mod h1:NFUHyPn4ekoC/JHeZFfZurN6ixxawE1BnVonP/oahEI=
modernc.org/cc/v3 v3.36.3/go.mod h1:NFUHyPn4ekoC/JHeZFfZurN6ixxawE1BnVonP/oahEI=
modernc.org/ccgo/v3 v3.0.0-20220428102840-41399a37e894/go.mod h1:eI31LL8EwEBKPpNpA4bU1/i+sKOwOrQy8D87zWUcRZc=
modernc.org/ccgo/v3 v3.0.0-20220430103911-bc99d88307be/go.mod h1:bwdAnOoaIt8Ax9YdWGjxWsdkPcZyRPHqrOvJxaKAKGw=
modernc.org/ccgo/v3 v3.16.4/go.mod h1:tGtX0gE9Jn7hdZFeU88slbTh1UtCYKusWOoCJuvkWsQ=
modernc.org/ccgo/v3 v3.16.6/go.mod h1:tGtX0gE9Jn7hdZFeU88slbTh1UtCYKusWOoCJuvkWsQ=
modernc.org/ccgo/v3 v3.16.8/go.mod h1:zNjwkizS+fIFDrDjIAgBSCLkWbJuHF+ar3QRn+Z9aws=
modernc.org/ccgo/v3 v3.16.9/go.mod h1:zNMzC9A9xeNUepy6KuZBbugn3c0Mc9TeiJO4lgvkJDo=
modernc.org/ccorpus v1.11.6/go.mod h1:2gEUTrWqdpH2pXsmTM1ZkjeSrUWDpjMu2T6m29L/ErQ=
modernc.org/libc v0.0.0-20220428101251-2d5f3daf273b/go.mod h1:p7Mg4+koNjc8jkqwcoFBJx7tXkpj00G77X7A72jXPXA=
modernc.org/libc v1.16.0/go.mod h1:N4LD6DBE9cf+Dzf9buBlzVJndKr/iJHG97vGLHYnb5A=
modernc.org/libc v1.16.1/go.mod h1:JjJE0eu4yeK7tab2n4S1w8tlWd9MxXLRzheaRnAKymU=
modernc.org/libc v1.16.17/go.mod h1:hYIV5VZczAmGZAnG15Vdngn5HSF5cSkbvfz2B7GRuVU=
modernc.org/libc v1.16.19/go.mod h1:p7Mg4+koNjc8jkqwcoFBJx7tXkpj00G77X7A72jXPXA=
modernc.org/libc v1.17.0/go.mod h1:XsgLldpP4aWlPlsjqKRdHPqCxCjISdHfM/yeWC5GyW0=
modernc.org/libc v1.17.1/go.mod h1:FZ23b+8LjxZs7XtFMbSzL/EhPxNbfZbErxEHc7cbD9s=
modernc.org/mathutil v1.4.1/go.mod h1:mZW8CKdRPY1v87qxC/wUdX5O1qDzXMP5TH3wjfpga6E=
modernc.org/mathutil v1.5.0/go.mod h1:mZW8CKdRPY1v87qxC/wUdX5O1qDzXMP5TH3wjfpga6E=
modernc.org/memory v1.1.1/go.mod h1:/0wo5ibyrQiaoUoH7f9D8dnglAmILJ5/cxZlRECf+Nw=
modernc.org/memory v1.2.0/go.mod h1:/0wo5ibyrQiaoUoH7f9D8dnglAmILJ5/cxZlRECf+Nw=
modernc.org/memory v1.2.1/go.mod h1:PkUhL0Mugw21sHPeskwZW4D6VscE/GQJOnIpCnW6pSU=
modernc.org/opt v0.1.3/go.mod h1:WdSiB5evDcignE70guQKxYUl14mgWtbClRi5wmkkTX0=
modernc.org/sqlite v1.18.1/go.mod h1:6ho+Gow7oX5V+OiOQ6Tr4xeqbx13UZ6t+Fw9IRUG4d4=
modernc.org/strutil v1.1.1/go.mod h1:DE+MQQ/hjKBZS2zNInV5hhcipt5rLPWkmpbGeW5mmdw=
modernc.org/strutil v1.1.3/go.mod h1:MEHNA7PdEnEwLvspRMtWTNnp2nnyvMfkimT1NKNAGbw=
modernc.org/tcl v1.13.1/go.mod h1:XOLfOwzhkljL4itZkK6T72ckMgvj0BDsnKNdZVUOecw=
modernc.org/z v1.5.1/go.mod h1:eWFB510QWW5Th9YGZT81s+LwvaAs3Q2yr4sP0rmLkv8=
